
Microsoft Visual Studio Solution File, Format Version 12.00
# Visual Studio Version 17
VisualStudioVersion = 17.6.33723.286
MinimumVisualStudioVersion = 10.0.40219.1
Project("{FAE04EC0-301F-11D3-BF4B-00C04F79EFBC}") = "P01_HospitalDatabase", "P01_HospitalDatabase\P01_HospitalDatabase.csproj", "{CDD9B086-29F4-405A-BA08-2F567F69E264}"
EndProject
Global
	GlobalSection(SolutionConfigurationPlatforms) = preSolution
		Debug|Any CPU = Debug|Any CPU
		Release|Any CPU = Release|Any CPU
	EndGlobalSection
	GlobalSection(ProjectConfigurationPlatforms) = postSolution
		{CDD9B086-29F4-405A-BA08-2F567F69E264}.Debug|Any CPU.ActiveCfg = Debug|Any CPU
		{CDD9B086-29F4-405A-BA08-2F567F69E264}.Debug|Any CPU.Build.0 = Debug|Any CPU
		{CDD9B086-29F4-405A-BA08-2F567F69E264}.Release|Any CPU.ActiveCfg = Release|Any CPU
		{CDD9B086-29F4-405A-BA08-2F567F69E264}.Release|Any CPU.Build.0 = Release|Any CPU
	EndGlobalSection
	GlobalSection(SolutionProperties) = preSolution
		HideSolutionNode = FALSE
	EndGlobalSection
	GlobalSection(ExtensibilityGlobals) = postSolution
		SolutionGuid = {201F4595-8E30-4A55-8849-98FC42F878E8}
	EndGlobalSection
EndGlobal
