
Microsoft Visual Studio Solution File, Format Version 12.00
# Visual Studio Version 17
VisualStudioVersion = 17.6.33723.286
MinimumVisualStudioVersion = 10.0.40219.1
Project("{FAE04EC0-301F-11D3-BF4B-00C04F79EFBC}") = "SoftUni", "SoftUni\SoftUni.csproj", "{D4F49F12-3C70-4242-AE01-1C31EB26167E}"
EndProject
Global
	GlobalSection(SolutionConfigurationPlatforms) = preSolution
		Debug|Any CPU = Debug|Any CPU
		Release|Any CPU = Release|Any CPU
	EndGlobalSection
	GlobalSection(ProjectConfigurationPlatforms) = postSolution
		{D4F49F12-3C70-4242-AE01-1C31EB26167E}.Debug|Any CPU.ActiveCfg = Debug|Any CPU
		{D4F49F12-3C70-4242-AE01-1C31EB26167E}.Debug|Any CPU.Build.0 = Debug|Any CPU
		{D4F49F12-3C70-4242-AE01-1C31EB26167E}.Release|Any CPU.ActiveCfg = Release|Any CPU
		{D4F49F12-3C70-4242-AE01-1C31EB26167E}.Release|Any CPU.Build.0 = Release|Any CPU
	EndGlobalSection
	GlobalSection(SolutionProperties) = preSolution
		HideSolutionNode = FALSE
	EndGlobalSection
	GlobalSection(ExtensibilityGlobals) = postSolution
		SolutionGuid = {3E25365C-B0CB-4F14-A0EC-1164138AE139}
	EndGlobalSection
EndGlobal
