
Microsoft Visual Studio Solution File, Format Version 12.00
# Visual Studio Version 17
VisualStudioVersion = 17.6.33723.286
MinimumVisualStudioVersion = 10.0.40219.1
Project("{FAE04EC0-301F-11D3-BF4B-00C04F79EFBC}") = "P03_SalesDatabase", "P03_SalesDatabase\P03_SalesDatabase.csproj", "{E7DF5B71-6635-4EC3-8640-23E82F9B7048}"
EndProject
Global
	GlobalSection(SolutionConfigurationPlatforms) = preSolution
		Debug|Any CPU = Debug|Any CPU
		Release|Any CPU = Release|Any CPU
	EndGlobalSection
	GlobalSection(ProjectConfigurationPlatforms) = postSolution
		{E7DF5B71-6635-4EC3-8640-23E82F9B7048}.Debug|Any CPU.ActiveCfg = Debug|Any CPU
		{E7DF5B71-6635-4EC3-8640-23E82F9B7048}.Debug|Any CPU.Build.0 = Debug|Any CPU
		{E7DF5B71-6635-4EC3-8640-23E82F9B7048}.Release|Any CPU.ActiveCfg = Release|Any CPU
		{E7DF5B71-6635-4EC3-8640-23E82F9B7048}.Release|Any CPU.Build.0 = Release|Any CPU
	EndGlobalSection
	GlobalSection(SolutionProperties) = preSolution
		HideSolutionNode = FALSE
	EndGlobalSection
	GlobalSection(ExtensibilityGlobals) = postSolution
		SolutionGuid = {098A9002-7F64-48A2-BEA5-277035A643DE}
	EndGlobalSection
EndGlobal
